{
    "version": 3,
    "terraform_version": "0.8.4",
    "serial": 15,
    "lineage": "36ee61ea-5bce-490b-b64b-40f057f80a5f",
    "modules": [
        {
            "path": [
                "root"
            ],
            "outputs": {
                "address": {
                    "sensitive": false,
                    "type": "string",
                    "value": "elb-web-apple-1611201435.us-east-1.elb.amazonaws.com"
                }
            },
            "resources": {
                "aws_autoscaling_group.web-asg": {
                    "type": "aws_autoscaling_group",
                    "depends_on": [
                        "aws_elb.web-elb",
                        "aws_launch_configuration.web-lc"
                    ],
                    "primary": {
                        "id": "asg-web-apple",
                        "attributes": {
                            "arn": "arn:aws:autoscaling:us-east-1:744115739432:autoScalingGroup:ff2665c4-bffe-4703-a007-d61b783be72c:autoScalingGroupName/asg-web-apple",
                            "availability_zones.#": "2",
                            "availability_zones.1305112097": "us-east-1b",
                            "availability_zones.986537655": "us-east-1c",
                            "default_cooldown": "300",
                            "desired_capacity": "1",
                            "force_delete": "true",
                            "health_check_grace_period": "300",
                            "health_check_type": "EC2",
                            "id": "asg-web-apple",
                            "launch_configuration": "lc-web-apple-009698b17e62198b53e14f88b1",
                            "load_balancers.#": "1",
                            "load_balancers.1194706293": "elb-web-apple",
                            "max_size": "2",
                            "metrics_granularity": "1Minute",
                            "min_size": "1",
                            "name": "asg-web-apple",
                            "placement_group": "",
                            "protect_from_scale_in": "false",
                            "suspended_processes.#": "0",
                            "tag.#": "2",
                            "tag.151328766.key": "Environment",
                            "tag.151328766.propagate_at_launch": "true",
                            "tag.151328766.value": "apple",
                            "tag.3753174699.key": "Name",
                            "tag.3753174699.propagate_at_launch": "true",
                            "tag.3753174699.value": "web-apple",
                            "target_group_arns.#": "0",
                            "termination_policies.#": "0",
                            "vpc_zone_identifier.#": "2",
                            "vpc_zone_identifier.1032552050": "subnet-0c042a45",
                            "vpc_zone_identifier.3851285284": "subnet-51e49d7c",
                            "wait_for_capacity_timeout": "10m"
                        },
                        "meta": {},
                        "tainted": false
                    },
                    "deposed": [],
                    "provider": ""
                },
                "aws_elb.web-elb": {
                    "type": "aws_elb",
                    "depends_on": [
                        "aws_security_group.elb-sg"
                    ],
                    "primary": {
                        "id": "elb-web-apple",
                        "attributes": {
                            "access_logs.#": "0",
                            "availability_zones.#": "2",
                            "availability_zones.1305112097": "us-east-1b",
                            "availability_zones.986537655": "us-east-1c",
                            "connection_draining": "true",
                            "connection_draining_timeout": "400",
                            "cross_zone_load_balancing": "true",
                            "dns_name": "elb-web-apple-1611201435.us-east-1.elb.amazonaws.com",
                            "health_check.#": "1",
                            "health_check.0.healthy_threshold": "2",
                            "health_check.0.interval": "30",
                            "health_check.0.target": "HTTP:80/index.html",
                            "health_check.0.timeout": "3",
                            "health_check.0.unhealthy_threshold": "2",
                            "id": "elb-web-apple",
                            "idle_timeout": "400",
                            "instances.#": "0",
                            "internal": "false",
                            "listener.#": "1",
                            "listener.3057123346.instance_port": "80",
                            "listener.3057123346.instance_protocol": "http",
                            "listener.3057123346.lb_port": "80",
                            "listener.3057123346.lb_protocol": "http",
                            "listener.3057123346.ssl_certificate_id": "",
                            "name": "elb-web-apple",
                            "security_groups.#": "1",
                            "security_groups.1920787900": "sg-2e3feb51",
                            "source_security_group": "744115739432/sg_elb_apple",
                            "source_security_group_id": "sg-2e3feb51",
                            "subnets.#": "2",
                            "subnets.1032552050": "subnet-0c042a45",
                            "subnets.3851285284": "subnet-51e49d7c",
                            "tags.%": "1",
                            "tags.Name": "elb-web-apple",
                            "zone_id": "Z35SXDOTRQ7X7K"
                        },
                        "meta": {},
                        "tainted": false
                    },
                    "deposed": [],
                    "provider": ""
                },
                "aws_launch_configuration.web-lc": {
                    "type": "aws_launch_configuration",
                    "depends_on": [],
                    "primary": {
                        "id": "lc-web-apple-009698b17e62198b53e14f88b1",
                        "attributes": {
                            "associate_public_ip_address": "false",
                            "ebs_block_device.#": "0",
                            "ebs_optimized": "false",
                            "enable_monitoring": "true",
                            "ephemeral_block_device.#": "0",
                            "iam_instance_profile": "",
                            "id": "lc-web-apple-009698b17e62198b53e14f88b1",
                            "image_id": "ami-0b33d91d",
                            "instance_type": "t2.micro",
                            "key_name": "abednarik",
                            "name": "lc-web-apple-009698b17e62198b53e14f88b1",
                            "name_prefix": "lc-web-apple-",
                            "root_block_device.#": "0",
                            "security_groups.#": "1",
                            "security_groups.1155733867": "sg-ca3ce8b5",
                            "spot_price": "",
                            "user_data": "cb8adbe2864e8d4f7a313c433284ee35030539d9",
                            "vpc_classic_link_id": "",
                            "vpc_classic_link_security_groups.#": "0"
                        },
                        "meta": {},
                        "tainted": false
                    },
                    "deposed": [],
                    "provider": ""
                },
                "aws_security_group.default": {
                    "type": "aws_security_group",
                    "depends_on": [],
                    "primary": {
                        "id": "sg-ca3ce8b5",
                        "attributes": {
                            "description": "Managed by Terraform",
                            "egress.#": "1",
                            "egress.482069346.cidr_blocks.#": "1",
                            "egress.482069346.cidr_blocks.0": "0.0.0.0/0",
                            "egress.482069346.from_port": "0",
                            "egress.482069346.prefix_list_ids.#": "0",
                            "egress.482069346.protocol": "-1",
                            "egress.482069346.security_groups.#": "0",
                            "egress.482069346.self": "false",
                            "egress.482069346.to_port": "0",
                            "id": "sg-ca3ce8b5",
                            "ingress.#": "2",
                            "ingress.2214680975.cidr_blocks.#": "1",
                            "ingress.2214680975.cidr_blocks.0": "0.0.0.0/0",
                            "ingress.2214680975.from_port": "80",
                            "ingress.2214680975.protocol": "tcp",
                            "ingress.2214680975.security_groups.#": "0",
                            "ingress.2214680975.self": "false",
                            "ingress.2214680975.to_port": "80",
                            "ingress.2541437006.cidr_blocks.#": "1",
                            "ingress.2541437006.cidr_blocks.0": "0.0.0.0/0",
                            "ingress.2541437006.from_port": "22",
                            "ingress.2541437006.protocol": "tcp",
                            "ingress.2541437006.security_groups.#": "0",
                            "ingress.2541437006.self": "false",
                            "ingress.2541437006.to_port": "22",
                            "name": "sg_web_apple",
                            "owner_id": "744115739432",
                            "tags.%": "1",
                            "tags.Name": "sg-ec2-web-apple",
                            "vpc_id": "vpc-5d6aed3b"
                        },
                        "meta": {},
                        "tainted": false
                    },
                    "deposed": [],
                    "provider": ""
                },
                "aws_security_group.elb-sg": {
                    "type": "aws_security_group",
                    "depends_on": [],
                    "primary": {
                        "id": "sg-2e3feb51",
                        "attributes": {
                            "description": "Managed by Terraform",
                            "egress.#": "1",
                            "egress.482069346.cidr_blocks.#": "1",
                            "egress.482069346.cidr_blocks.0": "0.0.0.0/0",
                            "egress.482069346.from_port": "0",
                            "egress.482069346.prefix_list_ids.#": "0",
                            "egress.482069346.protocol": "-1",
                            "egress.482069346.security_groups.#": "0",
                            "egress.482069346.self": "false",
                            "egress.482069346.to_port": "0",
                            "id": "sg-2e3feb51",
                            "ingress.#": "1",
                            "ingress.2214680975.cidr_blocks.#": "1",
                            "ingress.2214680975.cidr_blocks.0": "0.0.0.0/0",
                            "ingress.2214680975.from_port": "80",
                            "ingress.2214680975.protocol": "tcp",
                            "ingress.2214680975.security_groups.#": "0",
                            "ingress.2214680975.self": "false",
                            "ingress.2214680975.to_port": "80",
                            "name": "sg_elb_apple",
                            "owner_id": "744115739432",
                            "tags.%": "1",
                            "tags.Name": "sg-elb-apple",
                            "vpc_id": "vpc-5d6aed3b"
                        },
                        "meta": {},
                        "tainted": false
                    },
                    "deposed": [],
                    "provider": ""
                },
                "template_file.bootstrap": {
                    "type": "template_file",
                    "depends_on": [],
                    "primary": {
                        "id": "7ccd58d94e66ff0bc4d502617dac00846514338bc8bc202aa92aaa5ea94d2642",
                        "attributes": {
                            "id": "7ccd58d94e66ff0bc4d502617dac00846514338bc8bc202aa92aaa5ea94d2642",
                            "rendered": "#!/bin/bash\n#\n# Simple shell script to install Nginx\n#\nset -x\n\n# Variables\nLOGFILE=/var/log/user-data.log\n\n# Make sure we have a log for the bootstrap process\ntest -d $LOGDIR || mkdir -p $LOGDIR\nexec \u003e \u003e(tee -a $LOGFILE)\nexec 2\u003e\u00261\n\nyum update ;\nyum install -y httpd git;\ngit clone https://github.com/atul-ram/resume.git /var/www/html/;\nservice httpd start;\n",
                            "template": "#!/bin/bash\n#\n# Simple shell script to install Nginx\n#\nset -x\n\n# Variables\nLOGFILE=/var/log/user-data.log\n\n# Make sure we have a log for the bootstrap process\ntest -d $LOGDIR || mkdir -p $LOGDIR\nexec \u003e \u003e(tee -a $LOGFILE)\nexec 2\u003e\u00261\n\nyum update ;\nyum install -y httpd git;\ngit clone https://github.com/atul-ram/resume.git /var/www/html/;\nservice httpd start;\n",
                            "vars.%": "3",
                            "vars.cluster_name": "web-apple",
                            "vars.environment": "apple",
                            "vars.roles": "web"
                        },
                        "meta": {},
                        "tainted": false
                    },
                    "deposed": [],
                    "provider": ""
                }
            },
            "depends_on": []
        }
    ]
}
